
Microsoft Visual Studio Solution File, Format Version 12.00
# Visual Studio Version 16
VisualStudioVersion = 16.0.28803.352
MinimumVisualStudioVersion = 10.0.40219.1
Project("{FAE04EC0-301F-11D3-BF4B-00C04F79EFBC}") = "TimeTrack", "TimeTrack\TimeTrack.csproj", "{8F64F19E-C36B-417E-9C5A-5F4F4F274AD1}"
EndProject
Global
	GlobalSection(SolutionConfigurationPlatforms) = preSolution
		Debug|Any CPU = Debug|Any CPU
		Release|Any CPU = Release|Any CPU
	EndGlobalSection
	GlobalSection(ProjectConfigurationPlatforms) = postSolution
		{8F64F19E-C36B-417E-9C5A-5F4F4F274AD1}.Debug|Any CPU.ActiveCfg = Debug|Any CPU
		{8F64F19E-C36B-417E-9C5A-5F4F4F274AD1}.Debug|Any CPU.Build.0 = Debug|Any CPU
		{8F64F19E-C36B-417E-9C5A-5F4F4F274AD1}.Release|Any CPU.ActiveCfg = Release|Any CPU
		{8F64F19E-C36B-417E-9C5A-5F4F4F274AD1}.Release|Any CPU.Build.0 = Release|Any CPU
	EndGlobalSection
	GlobalSection(SolutionProperties) = preSolution
		HideSolutionNode = FALSE
	EndGlobalSection
	GlobalSection(ExtensibilityGlobals) = postSolution
		SolutionGuid = {9F85EC9E-F22B-45AA-8B5E-36989EF1417B}
	EndGlobalSection
EndGlobal
